
Microsoft Visual Studio Solution File, Format Version 12.00
# Visual Studio 14
VisualStudioVersion = 14.0.23107.0
MinimumVisualStudioVersion = 10.0.40219.1
Project("{FAE04EC0-301F-11D3-BF4B-00C04F79EFBC}") = "SGU_C2CStore", "SGU_C2CStore\SGU_C2CStore.csproj", "{CD748233-5382-46C9-8D55-5698317F0C56}"
EndProject
Global
	GlobalSection(SolutionConfigurationPlatforms) = preSolution
		Debug|Any CPU = Debug|Any CPU
		Release|Any CPU = Release|Any CPU
	EndGlobalSection
	GlobalSection(ProjectConfigurationPlatforms) = postSolution
		{CD748233-5382-46C9-8D55-5698317F0C56}.Debug|Any CPU.ActiveCfg = Debug|Any CPU
		{CD748233-5382-46C9-8D55-5698317F0C56}.Debug|Any CPU.Build.0 = Debug|Any CPU
		{CD748233-5382-46C9-8D55-5698317F0C56}.Release|Any CPU.ActiveCfg = Release|Any CPU
		{CD748233-5382-46C9-8D55-5698317F0C56}.Release|Any CPU.Build.0 = Release|Any CPU
	EndGlobalSection
	GlobalSection(SolutionProperties) = preSolution
		HideSolutionNode = FALSE
	EndGlobalSection
EndGlobal
