
Microsoft Visual Studio Solution File, Format Version 12.00
# Visual Studio 14
VisualStudioVersion = 14.0.23107.0
MinimumVisualStudioVersion = 10.0.40219.1
Project("{FAE04EC0-301F-11D3-BF4B-00C04F79EFBC}") = "SGU_C2CStore", "SGU_C2CStore\SGU_C2CStore.csproj", "{CD748233-5382-46C9-8D55-5698317F0C56}"
EndProject
Project("{FAE04EC0-301F-11D3-BF4B-00C04F79EFBC}") = "SGUStoreService", "SGUStoreService\SGUStoreService.csproj", "{0B5D9F6D-84B7-4CDD-B235-0FE0A821AA74}"
EndProject
Project("{FAE04EC0-301F-11D3-BF4B-00C04F79EFBC}") = "SGUStoreService.Test", "SGUStoreService.Test\SGUStoreService.Test.csproj", "{D101CDA0-F62E-4B96-BAD6-7C6A86146FFD}"
EndProject
Project("{E24C65DC-7377-472B-9ABA-BC803B73C61A}") = "SGU_C2CStore.Services", "..\SGU_C2CStore.Services\", "{3CFD1CEE-6B76-410D-B2C6-2AA670188446}"
	ProjectSection(WebsiteProperties) = preProject
		TargetFrameworkMoniker = ".NETFramework,Version%3Dv4.6"
		Debug.AspNetCompiler.VirtualPath = "/localhost_49650"
		Debug.AspNetCompiler.PhysicalPath = "..\SGU_C2CStore.Services\"
		Debug.AspNetCompiler.TargetPath = "PrecompiledWeb\localhost_49650\"
		Debug.AspNetCompiler.Updateable = "true"
		Debug.AspNetCompiler.ForceOverwrite = "true"
		Debug.AspNetCompiler.FixedNames = "false"
		Debug.AspNetCompiler.Debug = "True"
		Release.AspNetCompiler.VirtualPath = "/localhost_49650"
		Release.AspNetCompiler.PhysicalPath = "..\SGU_C2CStore.Services\"
		Release.AspNetCompiler.TargetPath = "PrecompiledWeb\localhost_49650\"
		Release.AspNetCompiler.Updateable = "true"
		Release.AspNetCompiler.ForceOverwrite = "true"
		Release.AspNetCompiler.FixedNames = "false"
		Release.AspNetCompiler.Debug = "False"
		VWDPort = "49650"
		SlnRelativePath = "..\SGU_C2CStore.Services\"
		DefaultWebSiteLanguage = "Visual C#"
	EndProjectSection
EndProject
Global
	GlobalSection(SolutionConfigurationPlatforms) = preSolution
		Debug|Any CPU = Debug|Any CPU
		Release|Any CPU = Release|Any CPU
	EndGlobalSection
	GlobalSection(ProjectConfigurationPlatforms) = postSolution
		{CD748233-5382-46C9-8D55-5698317F0C56}.Debug|Any CPU.ActiveCfg = Debug|Any CPU
		{CD748233-5382-46C9-8D55-5698317F0C56}.Debug|Any CPU.Build.0 = Debug|Any CPU
		{CD748233-5382-46C9-8D55-5698317F0C56}.Release|Any CPU.ActiveCfg = Release|Any CPU
		{CD748233-5382-46C9-8D55-5698317F0C56}.Release|Any CPU.Build.0 = Release|Any CPU
		{0B5D9F6D-84B7-4CDD-B235-0FE0A821AA74}.Debug|Any CPU.ActiveCfg = Debug|Any CPU
		{0B5D9F6D-84B7-4CDD-B235-0FE0A821AA74}.Debug|Any CPU.Build.0 = Debug|Any CPU
		{0B5D9F6D-84B7-4CDD-B235-0FE0A821AA74}.Release|Any CPU.ActiveCfg = Release|Any CPU
		{0B5D9F6D-84B7-4CDD-B235-0FE0A821AA74}.Release|Any CPU.Build.0 = Release|Any CPU
		{D101CDA0-F62E-4B96-BAD6-7C6A86146FFD}.Debug|Any CPU.ActiveCfg = Debug|Any CPU
		{D101CDA0-F62E-4B96-BAD6-7C6A86146FFD}.Debug|Any CPU.Build.0 = Debug|Any CPU
		{D101CDA0-F62E-4B96-BAD6-7C6A86146FFD}.Release|Any CPU.ActiveCfg = Release|Any CPU
		{D101CDA0-F62E-4B96-BAD6-7C6A86146FFD}.Release|Any CPU.Build.0 = Release|Any CPU
		{3CFD1CEE-6B76-410D-B2C6-2AA670188446}.Debug|Any CPU.ActiveCfg = Debug|Any CPU
		{3CFD1CEE-6B76-410D-B2C6-2AA670188446}.Debug|Any CPU.Build.0 = Debug|Any CPU
		{3CFD1CEE-6B76-410D-B2C6-2AA670188446}.Release|Any CPU.ActiveCfg = Debug|Any CPU
		{3CFD1CEE-6B76-410D-B2C6-2AA670188446}.Release|Any CPU.Build.0 = Debug|Any CPU
	EndGlobalSection
	GlobalSection(SolutionProperties) = preSolution
		HideSolutionNode = FALSE
	EndGlobalSection
EndGlobal
